
Microsoft Visual Studio Solution File, Format Version 12.00
# Visual Studio Version 17
VisualStudioVersion = 17.7.34202.233
MinimumVisualStudioVersion = 10.0.40219.1
Project("{FAE04EC0-301F-11D3-BF4B-00C04F79EFBC}") = "MyLeetcode", "MyLeetcode\MyLeetcode.csproj", "{37BDE978-FB1D-44A8-AD81-4BFCF615B5F7}"
EndProject
Global
	GlobalSection(SolutionConfigurationPlatforms) = preSolution
		Debug|Any CPU = Debug|Any CPU
		Release|Any CPU = Release|Any CPU
	EndGlobalSection
	GlobalSection(ProjectConfigurationPlatforms) = postSolution
		{37BDE978-FB1D-44A8-AD81-4BFCF615B5F7}.Debug|Any CPU.ActiveCfg = Debug|Any CPU
		{37BDE978-FB1D-44A8-AD81-4BFCF615B5F7}.Debug|Any CPU.Build.0 = Debug|Any CPU
		{37BDE978-FB1D-44A8-AD81-4BFCF615B5F7}.Release|Any CPU.ActiveCfg = Release|Any CPU
		{37BDE978-FB1D-44A8-AD81-4BFCF615B5F7}.Release|Any CPU.Build.0 = Release|Any CPU
	EndGlobalSection
	GlobalSection(SolutionProperties) = preSolution
		HideSolutionNode = FALSE
	EndGlobalSection
	GlobalSection(ExtensibilityGlobals) = postSolution
		SolutionGuid = {5073E7F5-C2EA-4C6F-9780-6F6C414463FA}
	EndGlobalSection
EndGlobal
